
Microsoft Visual Studio Solution File, Format Version 12.00
# Visual Studio Version 16
VisualStudioVersion = 16.0.31702.278
MinimumVisualStudioVersion = 10.0.40219.1
Project("{FAE04EC0-301F-11D3-BF4B-00C04F79EFBC}") = "Game Picker", "Game Picker\Game Picker.csproj", "{23EE2248-03DC-4AB0-889E-7D4C320037FB}"
EndProject
Global
	GlobalSection(SolutionConfigurationPlatforms) = preSolution
		Debug|Any CPU = Debug|Any CPU
		Release|Any CPU = Release|Any CPU
	EndGlobalSection
	GlobalSection(ProjectConfigurationPlatforms) = postSolution
		{23EE2248-03DC-4AB0-889E-7D4C320037FB}.Debug|Any CPU.ActiveCfg = Debug|Any CPU
		{23EE2248-03DC-4AB0-889E-7D4C320037FB}.Debug|Any CPU.Build.0 = Debug|Any CPU
		{23EE2248-03DC-4AB0-889E-7D4C320037FB}.Release|Any CPU.ActiveCfg = Release|Any CPU
		{23EE2248-03DC-4AB0-889E-7D4C320037FB}.Release|Any CPU.Build.0 = Release|Any CPU
	EndGlobalSection
	GlobalSection(SolutionProperties) = preSolution
		HideSolutionNode = FALSE
	EndGlobalSection
	GlobalSection(ExtensibilityGlobals) = postSolution
		SolutionGuid = {CBD7BADC-072E-4605-98D2-2D4FDBB2C958}
	EndGlobalSection
EndGlobal
